
Microsoft Visual Studio Solution File, Format Version 12.00
# Visual Studio Version 17
VisualStudioVersion = 17.10.34916.146
MinimumVisualStudioVersion = 10.0.40219.1
Project("{FAE04EC0-301F-11D3-BF4B-00C04F79EFBC}") = "DrinkInfo", "DrinkInfo\DrinkInfo.csproj", "{E2967D0E-C748-40F3-A6B6-7AC26DE74FFB}"
EndProject
Global
	GlobalSection(SolutionConfigurationPlatforms) = preSolution
		Debug|Any CPU = Debug|Any CPU
		Release|Any CPU = Release|Any CPU
	EndGlobalSection
	GlobalSection(ProjectConfigurationPlatforms) = postSolution
		{E2967D0E-C748-40F3-A6B6-7AC26DE74FFB}.Debug|Any CPU.ActiveCfg = Debug|Any CPU
		{E2967D0E-C748-40F3-A6B6-7AC26DE74FFB}.Debug|Any CPU.Build.0 = Debug|Any CPU
		{E2967D0E-C748-40F3-A6B6-7AC26DE74FFB}.Release|Any CPU.ActiveCfg = Release|Any CPU
		{E2967D0E-C748-40F3-A6B6-7AC26DE74FFB}.Release|Any CPU.Build.0 = Release|Any CPU
	EndGlobalSection
	GlobalSection(SolutionProperties) = preSolution
		HideSolutionNode = FALSE
	EndGlobalSection
	GlobalSection(ExtensibilityGlobals) = postSolution
		SolutionGuid = {7AF1B989-DE57-43FA-9F33-AE0466C851C7}
	EndGlobalSection
EndGlobal
